{
  "name": "xpl-freeboxos",
  "version": "0.0.3",
  "lockfileVersion": 2,
  "requires": true,
  "packages": {
    "": {
      "name": "xpl-freeboxos",
      "version": "0.0.3",
      "license": "GPL",
      "dependencies": {
        "async": "~1.5",
        "commander": "latest",
        "debug": "~2.2",
        "node-freeboxos": "file:../node-freeboxos",
        "xpl-api": "file:../xpl-api"
      },
      "bin": {
        "xpl-freeboxos": "bin/xpl-freeboxos"
      }
    },
    "../node-freeboxos": {
      "version": "0.0.2",
      "license": "GPL",
      "dependencies": {
        "async": "^2.0.0-rc.6",
        "debug": "~2.2",
        "request": "^2.72.0",
        "xml2js": "^0.4.16"
      }
    },
    "../xpl-api": {
      "version": "3.0.0",
      "license": "GPL",
      "dependencies": {
        "async": "^1.5.2",
        "debug": "^2.2.0",
        "semaphore": "^1.0.5"
      },
      "engines": {
        "node": ">=12"
      }
    },
    "node_modules/async": {
      "version": "1.5.2",
      "resolved": "https://registry.npmjs.org/async/-/async-1.5.2.tgz",
      "integrity": "sha1-7GphrlZIDAw8skHJVhjiCJL5Zyo="
    },
    "node_modules/commander": {
      "version": "8.3.0",
      "resolved": "https://registry.npmjs.org/commander/-/commander-8.3.0.tgz",
      "integrity": "sha512-OkTL9umf+He2DZkUq8f8J9of7yL6RJKI24dVITBmNfZBmri9zYZQrKkuXiKhyfPSu8tUhnVBB1iKXevvnlR4Ww==",
      "engines": {
        "node": ">= 12"
      }
    },
    "node_modules/debug": {
      "version": "2.2.0",
      "resolved": "https://registry.npmjs.org/debug/-/debug-2.2.0.tgz",
      "integrity": "sha1-+HBX6ZWxofauaklgZkE3vFbwOdo=",
      "dependencies": {
        "ms": "0.7.1"
      }
    },
    "node_modules/ms": {
      "version": "0.7.1",
      "resolved": "https://registry.npmjs.org/ms/-/ms-0.7.1.tgz",
      "integrity": "sha1-nNE8A62/8ltl7/3nzoZO6VIBcJg="
    },
    "node_modules/node-freeboxos": {
      "resolved": "../node-freeboxos",
      "link": true
    },
    "node_modules/xpl-api": {
      "resolved": "../xpl-api",
      "link": true
    }
  },
  "dependencies": {
    "async": {
      "version": "1.5.2",
      "resolved": "https://registry.npmjs.org/async/-/async-1.5.2.tgz",
      "integrity": "sha1-7GphrlZIDAw8skHJVhjiCJL5Zyo="
    },
    "commander": {
      "version": "8.3.0",
      "resolved": "https://registry.npmjs.org/commander/-/commander-8.3.0.tgz",
      "integrity": "sha512-OkTL9umf+He2DZkUq8f8J9of7yL6RJKI24dVITBmNfZBmri9zYZQrKkuXiKhyfPSu8tUhnVBB1iKXevvnlR4Ww=="
    },
    "debug": {
      "version": "2.2.0",
      "resolved": "https://registry.npmjs.org/debug/-/debug-2.2.0.tgz",
      "integrity": "sha1-+HBX6ZWxofauaklgZkE3vFbwOdo=",
      "requires": {
        "ms": "0.7.1"
      }
    },
    "ms": {
      "version": "0.7.1",
      "resolved": "https://registry.npmjs.org/ms/-/ms-0.7.1.tgz",
      "integrity": "sha1-nNE8A62/8ltl7/3nzoZO6VIBcJg="
    },
    "node-freeboxos": {
      "version": "file:../node-freeboxos",
      "requires": {
        "async": "^2.0.0-rc.6",
        "debug": "~2.2",
        "request": "^2.72.0",
        "xml2js": "^0.4.16"
      }
    },
    "xpl-api": {
      "version": "file:../xpl-api",
      "requires": {
        "async": "^1.5.2",
        "debug": "^2.2.0",
        "semaphore": "^1.0.5"
      }
    }
  }
}
